# This file is @generated by PDM.
# It is not intended for manual editing.

[metadata]
groups = ["default"]
strategy = ["cross_platform", "inherit_metadata"]
lock_version = "4.5.0"
content_hash = "sha256:5bf511d5d90e8eddb1ba23324c84a27dac2da13e69b9598b516159ae55c8cf0a"

[[metadata.targets]]
requires_python = "==3.11.*"

[[package]]
name = "asgiref"
version = "3.8.1"
requires_python = ">=3.8"
summary = "ASGI specs, helper code, and adapters"
groups = ["default"]
dependencies = [
    "typing-extensions>=4; python_version < \"3.11\"",
]
files = [
    {file = "asgiref-3.8.1-py3-none-any.whl", hash = "sha256:3e1e3ecc849832fe52ccf2cb6686b7a55f82bb1d6aee72a58826471390335e47"},
    {file = "asgiref-3.8.1.tar.gz", hash = "sha256:c343bd80a0bec947a9860adb4c432ffa7db769836c64238fc34bdc3fec84d590"},
]

[[package]]
name = "bcrypt"
version = "4.2.0"
requires_python = ">=3.7"
summary = "Modern password hashing for your software and your servers"
groups = ["default"]
files = [
    {file = "bcrypt-4.2.0-cp37-abi3-macosx_10_12_universal2.whl", hash = "sha256:096a15d26ed6ce37a14c1ac1e48119660f21b24cba457f160a4b830f3fe6b5cb"},
    {file = "bcrypt-4.2.0-cp37-abi3-manylinux_2_17_aarch64.manylinux2014_aarch64.whl", hash = "sha256:c02d944ca89d9b1922ceb8a46460dd17df1ba37ab66feac4870f6862a1533c00"},
    {file = "bcrypt-4.2.0-cp37-abi3-manylinux_2_17_x86_64.manylinux2014_x86_64.whl", hash = "sha256:1d84cf6d877918620b687b8fd1bf7781d11e8a0998f576c7aa939776b512b98d"},
    {file = "bcrypt-4.2.0-cp37-abi3-manylinux_2_28_aarch64.whl", hash = "sha256:1bb429fedbe0249465cdd85a58e8376f31bb315e484f16e68ca4c786dcc04291"},
    {file = "bcrypt-4.2.0-cp37-abi3-manylinux_2_28_x86_64.whl", hash = "sha256:655ea221910bcac76ea08aaa76df427ef8625f92e55a8ee44fbf7753dbabb328"},
    {file = "bcrypt-4.2.0-cp37-abi3-musllinux_1_1_aarch64.whl", hash = "sha256:1ee38e858bf5d0287c39b7a1fc59eec64bbf880c7d504d3a06a96c16e14058e7"},
    {file = "bcrypt-4.2.0-cp37-abi3-musllinux_1_1_x86_64.whl", hash = "sha256:0da52759f7f30e83f1e30a888d9163a81353ef224d82dc58eb5bb52efcabc399"},
    {file = "bcrypt-4.2.0-cp37-abi3-musllinux_1_2_aarch64.whl", hash = "sha256:3698393a1b1f1fd5714524193849d0c6d524d33523acca37cd28f02899285060"},
    {file = "bcrypt-4.2.0-cp37-abi3-musllinux_1_2_x86_64.whl", hash = "sha256:762a2c5fb35f89606a9fde5e51392dad0cd1ab7ae64149a8b935fe8d79dd5ed7"},
    {file = "bcrypt-4.2.0-cp37-abi3-win32.whl", hash = "sha256:5a1e8aa9b28ae28020a3ac4b053117fb51c57a010b9f969603ed885f23841458"},
    {file = "bcrypt-4.2.0-cp37-abi3-win_amd64.whl", hash = "sha256:8f6ede91359e5df88d1f5c1ef47428a4420136f3ce97763e31b86dd8280fbdf5"},
    {file = "bcrypt-4.2.0-cp39-abi3-macosx_10_12_universal2.whl", hash = "sha256:c52aac18ea1f4a4f65963ea4f9530c306b56ccd0c6f8c8da0c06976e34a6e841"},
    {file = "bcrypt-4.2.0-cp39-abi3-manylinux_2_17_aarch64.manylinux2014_aarch64.whl", hash = "sha256:3bbbfb2734f0e4f37c5136130405332640a1e46e6b23e000eeff2ba8d005da68"},
    {file = "bcrypt-4.2.0-cp39-abi3-manylinux_2_17_x86_64.manylinux2014_x86_64.whl", hash = "sha256:3413bd60460f76097ee2e0a493ccebe4a7601918219c02f503984f0a7ee0aebe"},
    {file = "bcrypt-4.2.0-cp39-abi3-manylinux_2_28_aarch64.whl", hash = "sha256:8d7bb9c42801035e61c109c345a28ed7e84426ae4865511eb82e913df18f58c2"},
    {file = "bcrypt-4.2.0-cp39-abi3-manylinux_2_28_x86_64.whl", hash = "sha256:3d3a6d28cb2305b43feac298774b997e372e56c7c7afd90a12b3dc49b189151c"},
    {file = "bcrypt-4.2.0-cp39-abi3-musllinux_1_1_aarch64.whl", hash = "sha256:9c1c4ad86351339c5f320ca372dfba6cb6beb25e8efc659bedd918d921956bae"},
    {file = "bcrypt-4.2.0-cp39-abi3-musllinux_1_1_x86_64.whl", hash = "sha256:27fe0f57bb5573104b5a6de5e4153c60814c711b29364c10a75a54bb6d7ff48d"},
    {file = "bcrypt-4.2.0-cp39-abi3-musllinux_1_2_aarch64.whl", hash = "sha256:8ac68872c82f1add6a20bd489870c71b00ebacd2e9134a8aa3f98a0052ab4b0e"},
    {file = "bcrypt-4.2.0-cp39-abi3-musllinux_1_2_x86_64.whl", hash = "sha256:cb2a8ec2bc07d3553ccebf0746bbf3d19426d1c6d1adbd4fa48925f66af7b9e8"},
    {file = "bcrypt-4.2.0-cp39-abi3-win32.whl", hash = "sha256:77800b7147c9dc905db1cba26abe31e504d8247ac73580b4aa179f98e6608f34"},
    {file = "bcrypt-4.2.0-cp39-abi3-win_amd64.whl", hash = "sha256:61ed14326ee023917ecd093ee6ef422a72f3aec6f07e21ea5f10622b735538a9"},
    {file = "bcrypt-4.2.0.tar.gz", hash = "sha256:cf69eaf5185fd58f268f805b505ce31f9b9fc2d64b376642164e9244540c1221"},
]

[[package]]
name = "cfgv"
version = "3.4.0"
requires_python = ">=3.8"
summary = "Validate configuration and produce human readable error messages."
groups = ["default"]
files = [
    {file = "cfgv-3.4.0-py2.py3-none-any.whl", hash = "sha256:b7265b1f29fd3316bfcd2b330d63d024f2bfd8bcb8b0272f8e19a504856c48f9"},
    {file = "cfgv-3.4.0.tar.gz", hash = "sha256:e52591d4c5f5dead8e0f673fb16db7949d2cfb3f7da4582893288f0ded8fe560"},
]

[[package]]
name = "colorama"
version = "0.4.6"
requires_python = "!=3.0.*,!=3.1.*,!=3.2.*,!=3.3.*,!=3.4.*,!=3.5.*,!=3.6.*,>=2.7"
summary = "Cross-platform colored terminal text."
groups = ["default"]
marker = "sys_platform == \"win32\""
files = [
    {file = "colorama-0.4.6-py2.py3-none-any.whl", hash = "sha256:4f1d9991f5acc0ca119f9d443620b77f9d6b33703e51011c16baf57afb285fc6"},
    {file = "colorama-0.4.6.tar.gz", hash = "sha256:08695f5cb7ed6e0531a20572697297273c47b8cae5a63ffc6d6ed5c201be6e44"},
]

[[package]]
name = "coverage"
version = "7.6.1"
requires_python = ">=3.8"
summary = "Code coverage measurement for Python"
groups = ["default"]
files = [
    {file = "coverage-7.6.1-cp311-cp311-macosx_10_9_x86_64.whl", hash = "sha256:7dea0889685db8550f839fa202744652e87c60015029ce3f60e006f8c4462c93"},
    {file = "coverage-7.6.1-cp311-cp311-macosx_11_0_arm64.whl", hash = "sha256:ed37bd3c3b063412f7620464a9ac1314d33100329f39799255fb8d3027da50d3"},
    {file = "coverage-7.6.1-cp311-cp311-manylinux_2_17_aarch64.manylinux2014_aarch64.whl", hash = "sha256:d85f5e9a5f8b73e2350097c3756ef7e785f55bd71205defa0bfdaf96c31616ff"},
    {file = "coverage-7.6.1-cp311-cp311-manylinux_2_5_i686.manylinux1_i686.manylinux_2_17_i686.manylinux2014_i686.whl", hash = "sha256:9bc572be474cafb617672c43fe989d6e48d3c83af02ce8de73fff1c6bb3c198d"},
    {file = "coverage-7.6.1-cp311-cp311-manylinux_2_5_x86_64.manylinux1_x86_64.manylinux_2_17_x86_64.manylinux2014_x86_64.whl", hash = "sha256:0c0420b573964c760df9e9e86d1a9a622d0d27f417e1a949a8a66dd7bcee7bc6"},
    {file = "coverage-7.6.1-cp311-cp311-musllinux_1_2_aarch64.whl", hash = "sha256:1f4aa8219db826ce6be7099d559f8ec311549bfc4046f7f9fe9b5cea5c581c56"},
    {file = "coverage-7.6.1-cp311-cp311-musllinux_1_2_i686.whl", hash = "sha256:fc5a77d0c516700ebad189b587de289a20a78324bc54baee03dd486f0855d234"},
    {file = "coverage-7.6.1-cp311-cp311-musllinux_1_2_x86_64.whl", hash = "sha256:b48f312cca9621272ae49008c7f613337c53fadca647d6384cc129d2996d1133"},
    {file = "coverage-7.6.1-cp311-cp311-win32.whl", hash = "sha256:1125ca0e5fd475cbbba3bb67ae20bd2c23a98fac4e32412883f9bcbaa81c314c"},
    {file = "coverage-7.6.1-cp311-cp311-win_amd64.whl", hash = "sha256:8ae539519c4c040c5ffd0632784e21b2f03fc1340752af711f33e5be83a9d6c6"},
    {file = "coverage-7.6.1-pp38.pp39.pp310-none-any.whl", hash = "sha256:e9a6e0eb86070e8ccaedfbd9d38fec54864f3125ab95419970575b42af7541df"},
    {file = "coverage-7.6.1.tar.gz", hash = "sha256:953510dfb7b12ab69d20135a0662397f077c59b1e6379a768e97c59d852ee51d"},
]

[[package]]
name = "coverage"
version = "7.6.1"
extras = ["toml"]
requires_python = ">=3.8"
summary = "Code coverage measurement for Python"
groups = ["default"]
dependencies = [
    "coverage==7.6.1",
    "tomli; python_full_version <= \"3.11.0a6\"",
]
files = [
    {file = "coverage-7.6.1-cp311-cp311-macosx_10_9_x86_64.whl", hash = "sha256:7dea0889685db8550f839fa202744652e87c60015029ce3f60e006f8c4462c93"},
    {file = "coverage-7.6.1-cp311-cp311-macosx_11_0_arm64.whl", hash = "sha256:ed37bd3c3b063412f7620464a9ac1314d33100329f39799255fb8d3027da50d3"},
    {file = "coverage-7.6.1-cp311-cp311-manylinux_2_17_aarch64.manylinux2014_aarch64.whl", hash = "sha256:d85f5e9a5f8b73e2350097c3756ef7e785f55bd71205defa0bfdaf96c31616ff"},
    {file = "coverage-7.6.1-cp311-cp311-manylinux_2_5_i686.manylinux1_i686.manylinux_2_17_i686.manylinux2014_i686.whl", hash = "sha256:9bc572be474cafb617672c43fe989d6e48d3c83af02ce8de73fff1c6bb3c198d"},
    {file = "coverage-7.6.1-cp311-cp311-manylinux_2_5_x86_64.manylinux1_x86_64.manylinux_2_17_x86_64.manylinux2014_x86_64.whl", hash = "sha256:0c0420b573964c760df9e9e86d1a9a622d0d27f417e1a949a8a66dd7bcee7bc6"},
    {file = "coverage-7.6.1-cp311-cp311-musllinux_1_2_aarch64.whl", hash = "sha256:1f4aa8219db826ce6be7099d559f8ec311549bfc4046f7f9fe9b5cea5c581c56"},
    {file = "coverage-7.6.1-cp311-cp311-musllinux_1_2_i686.whl", hash = "sha256:fc5a77d0c516700ebad189b587de289a20a78324bc54baee03dd486f0855d234"},
    {file = "coverage-7.6.1-cp311-cp311-musllinux_1_2_x86_64.whl", hash = "sha256:b48f312cca9621272ae49008c7f613337c53fadca647d6384cc129d2996d1133"},
    {file = "coverage-7.6.1-cp311-cp311-win32.whl", hash = "sha256:1125ca0e5fd475cbbba3bb67ae20bd2c23a98fac4e32412883f9bcbaa81c314c"},
    {file = "coverage-7.6.1-cp311-cp311-win_amd64.whl", hash = "sha256:8ae539519c4c040c5ffd0632784e21b2f03fc1340752af711f33e5be83a9d6c6"},
    {file = "coverage-7.6.1-pp38.pp39.pp310-none-any.whl", hash = "sha256:e9a6e0eb86070e8ccaedfbd9d38fec54864f3125ab95419970575b42af7541df"},
    {file = "coverage-7.6.1.tar.gz", hash = "sha256:953510dfb7b12ab69d20135a0662397f077c59b1e6379a768e97c59d852ee51d"},
]

[[package]]
name = "distlib"
version = "0.3.8"
summary = "Distribution utilities"
groups = ["default"]
files = [
    {file = "distlib-0.3.8-py2.py3-none-any.whl", hash = "sha256:034db59a0b96f8ca18035f36290806a9a6e6bd9d1ff91e45a7f172eb17e51784"},
    {file = "distlib-0.3.8.tar.gz", hash = "sha256:1530ea13e350031b6312d8580ddb6b27a104275a31106523b8f123787f494f64"},
]

[[package]]
name = "django"
version = "5.1"
requires_python = ">=3.10"
summary = "A high-level Python web framework that encourages rapid development and clean, pragmatic design."
groups = ["default"]
dependencies = [
    "asgiref<4,>=3.8.1",
    "sqlparse>=0.3.1",
    "tzdata; sys_platform == \"win32\"",
]
files = [
    {file = "Django-5.1-py3-none-any.whl", hash = "sha256:d3b811bf5371a26def053d7ee42a9df1267ef7622323fe70a601936725aa4557"},
    {file = "Django-5.1.tar.gz", hash = "sha256:848a5980e8efb76eea70872fb0e4bc5e371619c70fffbe48e3e1b50b2c09455d"},
]

[[package]]
name = "djangorestframework"
version = "3.15.2"
requires_python = ">=3.8"
summary = "Web APIs for Django, made easy."
groups = ["default"]
dependencies = [
    "backports-zoneinfo; python_version < \"3.9\"",
    "django>=4.2",
]
files = [
    {file = "djangorestframework-3.15.2-py3-none-any.whl", hash = "sha256:2b8871b062ba1aefc2de01f773875441a961fefbf79f5eed1e32b2f096944b20"},
    {file = "djangorestframework-3.15.2.tar.gz", hash = "sha256:36fe88cd2d6c6bec23dca9804bab2ba5517a8bb9d8f47ebc68981b56840107ad"},
]

[[package]]
name = "dnspython"
version = "2.6.1"
requires_python = ">=3.8"
summary = "DNS toolkit"
groups = ["default"]
files = [
    {file = "dnspython-2.6.1-py3-none-any.whl", hash = "sha256:5ef3b9680161f6fa89daf8ad451b5f1a33b18ae8a1c6778cdf4b43f08c0a6e50"},
    {file = "dnspython-2.6.1.tar.gz", hash = "sha256:e8f0f9c23a7b7cb99ded64e6c3a6f3e701d78f50c55e002b839dea7225cff7cc"},
]

[[package]]
name = "email-validator"
version = "2.2.0"
requires_python = ">=3.8"
summary = "A robust email address syntax and deliverability validation library."
groups = ["default"]
dependencies = [
    "dnspython>=2.0.0",
    "idna>=2.0.0",
]
files = [
    {file = "email_validator-2.2.0-py3-none-any.whl", hash = "sha256:561977c2d73ce3611850a06fa56b414621e0c8faa9d66f2611407d87465da631"},
    {file = "email_validator-2.2.0.tar.gz", hash = "sha256:cb690f344c617a714f22e66ae771445a1ceb46821152df8e165c5f9a364582b7"},
]

[[package]]
name = "filelock"
version = "3.15.4"
requires_python = ">=3.8"
summary = "A platform independent file lock."
groups = ["default"]
files = [
    {file = "filelock-3.15.4-py3-none-any.whl", hash = "sha256:6ca1fffae96225dab4c6eaf1c4f4f28cd2568d3ec2a44e15a08520504de468e7"},
    {file = "filelock-3.15.4.tar.gz", hash = "sha256:2207938cbc1844345cb01a5a95524dae30f0ce089eba5b00378295a17e3e90cb"},
]

[[package]]
name = "identify"
version = "2.6.0"
requires_python = ">=3.8"
summary = "File identification library for Python"
groups = ["default"]
files = [
    {file = "identify-2.6.0-py2.py3-none-any.whl", hash = "sha256:e79ae4406387a9d300332b5fd366d8994f1525e8414984e1a59e058b2eda2dd0"},
    {file = "identify-2.6.0.tar.gz", hash = "sha256:cb171c685bdc31bcc4c1734698736a7d5b6c8bf2e0c15117f4d469c8640ae5cf"},
]

[[package]]
name = "idna"
version = "3.7"
requires_python = ">=3.5"
summary = "Internationalized Domain Names in Applications (IDNA)"
groups = ["default"]
files = [
    {file = "idna-3.7-py3-none-any.whl", hash = "sha256:82fee1fc78add43492d3a1898bfa6d8a904cc97d8427f683ed8e798d07761aa0"},
    {file = "idna-3.7.tar.gz", hash = "sha256:028ff3aadf0609c1fd278d8ea3089299412a7a8b9bd005dd08b9f8285bcb5cfc"},
]

[[package]]
name = "iniconfig"
version = "2.0.0"
requires_python = ">=3.7"
summary = "brain-dead simple config-ini parsing"
groups = ["default"]
files = [
    {file = "iniconfig-2.0.0-py3-none-any.whl", hash = "sha256:b6a85871a79d2e3b22d2d1b94ac2824226a63c6b741c88f7ae975f18b6778374"},
    {file = "iniconfig-2.0.0.tar.gz", hash = "sha256:2d91e135bf72d31a410b17c16da610a82cb55f6b0477d1a902134b24a455b8b3"},
]

[[package]]
name = "nodeenv"
version = "1.9.1"
requires_python = "!=3.0.*,!=3.1.*,!=3.2.*,!=3.3.*,!=3.4.*,!=3.5.*,!=3.6.*,>=2.7"
summary = "Node.js virtual environment builder"
groups = ["default"]
files = [
    {file = "nodeenv-1.9.1-py2.py3-none-any.whl", hash = "sha256:ba11c9782d29c27c70ffbdda2d7415098754709be8a7056d79a737cd901155c9"},
    {file = "nodeenv-1.9.1.tar.gz", hash = "sha256:6ec12890a2dab7946721edbfbcd91f3319c6ccc9aec47be7c7e6b7011ee6645f"},
]

[[package]]
name = "packaging"
version = "24.1"
requires_python = ">=3.8"
summary = "Core utilities for Python packages"
groups = ["default"]
files = [
    {file = "packaging-24.1-py3-none-any.whl", hash = "sha256:5b8f2217dbdbd2f7f384c41c628544e6d52f2d0f53c6d0c3ea61aa5d1d7ff124"},
    {file = "packaging-24.1.tar.gz", hash = "sha256:026ed72c8ed3fcce5bf8950572258698927fd1dbda10a5e981cdf0ac37f4f002"},
]

[[package]]
name = "passlib"
version = "1.7.4"
summary = "comprehensive password hashing framework supporting over 30 schemes"
groups = ["default"]
files = [
    {file = "passlib-1.7.4-py2.py3-none-any.whl", hash = "sha256:aa6bca462b8d8bda89c70b382f0c298a20b5560af6cbfa2dce410c0a2fb669f1"},
    {file = "passlib-1.7.4.tar.gz", hash = "sha256:defd50f72b65c5402ab2c573830a6978e5f202ad0d984793c8dde2c4152ebe04"},
]

[[package]]
name = "platformdirs"
version = "4.2.2"
requires_python = ">=3.8"
summary = "A small Python package for determining appropriate platform-specific dirs, e.g. a `user data dir`."
groups = ["default"]
files = [
    {file = "platformdirs-4.2.2-py3-none-any.whl", hash = "sha256:2d7a1657e36a80ea911db832a8a6ece5ee53d8de21edd5cc5879af6530b1bfee"},
    {file = "platformdirs-4.2.2.tar.gz", hash = "sha256:38b7b51f512eed9e84a22788b4bce1de17c0adb134d6becb09836e37d8654cd3"},
]

[[package]]
name = "pluggy"
version = "1.5.0"
requires_python = ">=3.8"
summary = "plugin and hook calling mechanisms for python"
groups = ["default"]
files = [
    {file = "pluggy-1.5.0-py3-none-any.whl", hash = "sha256:44e1ad92c8ca002de6377e165f3e0f1be63266ab4d554740532335b9d75ea669"},
    {file = "pluggy-1.5.0.tar.gz", hash = "sha256:2cffa88e94fdc978c4c574f15f9e59b7f4201d439195c3715ca9e2486f1d0cf1"},
]

[[package]]
name = "pre-commit"
version = "3.8.0"
requires_python = ">=3.9"
summary = "A framework for managing and maintaining multi-language pre-commit hooks."
groups = ["default"]
dependencies = [
    "cfgv>=2.0.0",
    "identify>=1.0.0",
    "nodeenv>=0.11.1",
    "pyyaml>=5.1",
    "virtualenv>=20.10.0",
]
files = [
    {file = "pre_commit-3.8.0-py2.py3-none-any.whl", hash = "sha256:9a90a53bf82fdd8778d58085faf8d83df56e40dfe18f45b19446e26bf1b3a63f"},
    {file = "pre_commit-3.8.0.tar.gz", hash = "sha256:8bb6494d4a20423842e198980c9ecf9f96607a07ea29549e180eef9ae80fe7af"},
]

[[package]]
name = "psycopg2-binary"
version = "2.9.9"
requires_python = ">=3.7"
summary = "psycopg2 - Python-PostgreSQL Database Adapter"
groups = ["default"]
files = [
    {file = "psycopg2-binary-2.9.9.tar.gz", hash = "sha256:7f01846810177d829c7692f1f5ada8096762d9172af1b1a28d4ab5b77c923c1c"},
    {file = "psycopg2_binary-2.9.9-cp311-cp311-macosx_10_9_x86_64.whl", hash = "sha256:ee825e70b1a209475622f7f7b776785bd68f34af6e7a46e2e42f27b659b5bc26"},
    {file = "psycopg2_binary-2.9.9-cp311-cp311-macosx_11_0_arm64.whl", hash = "sha256:1ea665f8ce695bcc37a90ee52de7a7980be5161375d42a0b6c6abedbf0d81f0f"},
    {file = "psycopg2_binary-2.9.9-cp311-cp311-manylinux_2_17_aarch64.manylinux2014_aarch64.whl", hash = "sha256:143072318f793f53819048fdfe30c321890af0c3ec7cb1dfc9cc87aa88241de2"},
    {file = "psycopg2_binary-2.9.9-cp311-cp311-manylinux_2_17_i686.manylinux2014_i686.whl", hash = "sha256:c332c8d69fb64979ebf76613c66b985414927a40f8defa16cf1bc028b7b0a7b0"},
    {file = "psycopg2_binary-2.9.9-cp311-cp311-manylinux_2_17_ppc64le.manylinux2014_ppc64le.whl", hash = "sha256:f7fc5a5acafb7d6ccca13bfa8c90f8c51f13d8fb87d95656d3950f0158d3ce53"},
    {file = "psycopg2_binary-2.9.9-cp311-cp311-manylinux_2_17_x86_64.manylinux2014_x86_64.whl", hash = "sha256:977646e05232579d2e7b9c59e21dbe5261f403a88417f6a6512e70d3f8a046be"},
    {file = "psycopg2_binary-2.9.9-cp311-cp311-musllinux_1_1_aarch64.whl", hash = "sha256:b6356793b84728d9d50ead16ab43c187673831e9d4019013f1402c41b1db9b27"},
    {file = "psycopg2_binary-2.9.9-cp311-cp311-musllinux_1_1_i686.whl", hash = "sha256:bc7bb56d04601d443f24094e9e31ae6deec9ccb23581f75343feebaf30423359"},
    {file = "psycopg2_binary-2.9.9-cp311-cp311-musllinux_1_1_ppc64le.whl", hash = "sha256:77853062a2c45be16fd6b8d6de2a99278ee1d985a7bd8b103e97e41c034006d2"},
    {file = "psycopg2_binary-2.9.9-cp311-cp311-musllinux_1_1_x86_64.whl", hash = "sha256:78151aa3ec21dccd5cdef6c74c3e73386dcdfaf19bced944169697d7ac7482fc"},
    {file = "psycopg2_binary-2.9.9-cp311-cp311-win32.whl", hash = "sha256:dc4926288b2a3e9fd7b50dc6a1909a13bbdadfc67d93f3374d984e56f885579d"},
    {file = "psycopg2_binary-2.9.9-cp311-cp311-win_amd64.whl", hash = "sha256:b76bedd166805480ab069612119ea636f5ab8f8771e640ae103e05a4aae3e417"},
]

[[package]]
name = "pyjwt"
version = "2.9.0"
requires_python = ">=3.8"
summary = "JSON Web Token implementation in Python"
groups = ["default"]
files = [
    {file = "PyJWT-2.9.0-py3-none-any.whl", hash = "sha256:3b02fb0f44517787776cf48f2ae25d8e14f300e6d7545a4315cee571a415e850"},
    {file = "pyjwt-2.9.0.tar.gz", hash = "sha256:7e1e5b56cc735432a7369cbfa0efe50fa113ebecdc04ae6922deba8b84582d0c"},
]

[[package]]
name = "pytest"
version = "8.3.2"
requires_python = ">=3.8"
summary = "pytest: simple powerful testing with Python"
groups = ["default"]
dependencies = [
    "colorama; sys_platform == \"win32\"",
    "exceptiongroup>=1.0.0rc8; python_version < \"3.11\"",
    "iniconfig",
    "packaging",
    "pluggy<2,>=1.5",
    "tomli>=1; python_version < \"3.11\"",
]
files = [
    {file = "pytest-8.3.2-py3-none-any.whl", hash = "sha256:4ba08f9ae7dcf84ded419494d229b48d0903ea6407b030eaec46df5e6a73bba5"},
    {file = "pytest-8.3.2.tar.gz", hash = "sha256:c132345d12ce551242c87269de812483f5bcc87cdbb4722e48487ba194f9fdce"},
]

[[package]]
name = "pytest-cov"
version = "5.0.0"
requires_python = ">=3.8"
summary = "Pytest plugin for measuring coverage."
groups = ["default"]
dependencies = [
    "coverage[toml]>=5.2.1",
    "pytest>=4.6",
]
files = [
    {file = "pytest-cov-5.0.0.tar.gz", hash = "sha256:5837b58e9f6ebd335b0f8060eecce69b662415b16dc503883a02f45dfeb14857"},
    {file = "pytest_cov-5.0.0-py3-none-any.whl", hash = "sha256:4f0764a1219df53214206bf1feea4633c3b558a2925c8b59f144f682861ce652"},
]

[[package]]
name = "pytest-django"
version = "4.8.0"
requires_python = ">=3.8"
summary = "A Django plugin for pytest."
groups = ["default"]
dependencies = [
    "pytest>=7.0.0",
]
files = [
    {file = "pytest-django-4.8.0.tar.gz", hash = "sha256:5d054fe011c56f3b10f978f41a8efb2e5adfc7e680ef36fb571ada1f24779d90"},
    {file = "pytest_django-4.8.0-py3-none-any.whl", hash = "sha256:ca1ddd1e0e4c227cf9e3e40a6afc6d106b3e70868fd2ac5798a22501271cd0c7"},
]

[[package]]
name = "python-dotenv"
version = "1.0.1"
requires_python = ">=3.8"
summary = "Read key-value pairs from a .env file and set them as environment variables"
groups = ["default"]
files = [
    {file = "python-dotenv-1.0.1.tar.gz", hash = "sha256:e324ee90a023d808f1959c46bcbc04446a10ced277783dc6ee09987c37ec10ca"},
    {file = "python_dotenv-1.0.1-py3-none-any.whl", hash = "sha256:f7b63ef50f1b690dddf550d03497b66d609393b40b564ed0d674909a68ebf16a"},
]

[[package]]
name = "pyyaml"
version = "6.0.2"
requires_python = ">=3.8"
summary = "YAML parser and emitter for Python"
groups = ["default"]
files = [
    {file = "PyYAML-6.0.2-cp311-cp311-macosx_10_9_x86_64.whl", hash = "sha256:cc1c1159b3d456576af7a3e4d1ba7e6924cb39de8f67111c735f6fc832082774"},
    {file = "PyYAML-6.0.2-cp311-cp311-macosx_11_0_arm64.whl", hash = "sha256:1e2120ef853f59c7419231f3bf4e7021f1b936f6ebd222406c3b60212205d2ee"},
    {file = "PyYAML-6.0.2-cp311-cp311-manylinux_2_17_aarch64.manylinux2014_aarch64.whl", hash = "sha256:5d225db5a45f21e78dd9358e58a98702a0302f2659a3c6cd320564b75b86f47c"},
    {file = "PyYAML-6.0.2-cp311-cp311-manylinux_2_17_s390x.manylinux2014_s390x.whl", hash = "sha256:5ac9328ec4831237bec75defaf839f7d4564be1e6b25ac710bd1a96321cc8317"},
    {file = "PyYAML-6.0.2-cp311-cp311-manylinux_2_17_x86_64.manylinux2014_x86_64.whl", hash = "sha256:3ad2a3decf9aaba3d29c8f537ac4b243e36bef957511b4766cb0057d32b0be85"},
    {file = "PyYAML-6.0.2-cp311-cp311-musllinux_1_1_aarch64.whl", hash = "sha256:ff3824dc5261f50c9b0dfb3be22b4567a6f938ccce4587b38952d85fd9e9afe4"},
    {file = "PyYAML-6.0.2-cp311-cp311-musllinux_1_1_x86_64.whl", hash = "sha256:797b4f722ffa07cc8d62053e4cff1486fa6dc094105d13fea7b1de7d8bf71c9e"},
    {file = "PyYAML-6.0.2-cp311-cp311-win32.whl", hash = "sha256:11d8f3dd2b9c1207dcaf2ee0bbbfd5991f571186ec9cc78427ba5bd32afae4b5"},
    {file = "PyYAML-6.0.2-cp311-cp311-win_amd64.whl", hash = "sha256:e10ce637b18caea04431ce14fabcf5c64a1c61ec9c56b071a4b7ca131ca52d44"},
    {file = "pyyaml-6.0.2.tar.gz", hash = "sha256:d584d9ec91ad65861cc08d42e834324ef890a082e591037abe114850ff7bbc3e"},
]

[[package]]
name = "ruff"
version = "0.6.1"
requires_python = ">=3.7"
summary = "An extremely fast Python linter and code formatter, written in Rust."
groups = ["default"]
files = [
    {file = "ruff-0.6.1-py3-none-linux_armv6l.whl", hash = "sha256:b4bb7de6a24169dc023f992718a9417380301b0c2da0fe85919f47264fb8add9"},
    {file = "ruff-0.6.1-py3-none-macosx_10_12_x86_64.whl", hash = "sha256:45efaae53b360c81043e311cdec8a7696420b3d3e8935202c2846e7a97d4edae"},
    {file = "ruff-0.6.1-py3-none-macosx_11_0_arm64.whl", hash = "sha256:bc60c7d71b732c8fa73cf995efc0c836a2fd8b9810e115be8babb24ae87e0850"},
    {file = "ruff-0.6.1-py3-none-manylinux_2_17_aarch64.manylinux2014_aarch64.whl", hash = "sha256:2c7477c3b9da822e2db0b4e0b59e61b8a23e87886e727b327e7dcaf06213c5cf"},
    {file = "ruff-0.6.1-py3-none-manylinux_2_17_armv7l.manylinux2014_armv7l.whl", hash = "sha256:3a0af7ab3f86e3dc9f157a928e08e26c4b40707d0612b01cd577cc84b8905cc9"},
    {file = "ruff-0.6.1-py3-none-manylinux_2_17_i686.manylinux2014_i686.whl", hash = "sha256:392688dbb50fecf1bf7126731c90c11a9df1c3a4cdc3f481b53e851da5634fa5"},
    {file = "ruff-0.6.1-py3-none-manylinux_2_17_ppc64.manylinux2014_ppc64.whl", hash = "sha256:5278d3e095ccc8c30430bcc9bc550f778790acc211865520f3041910a28d0024"},
    {file = "ruff-0.6.1-py3-none-manylinux_2_17_ppc64le.manylinux2014_ppc64le.whl", hash = "sha256:fe6d5f65d6f276ee7a0fc50a0cecaccb362d30ef98a110f99cac1c7872df2f18"},
    {file = "ruff-0.6.1-py3-none-manylinux_2_17_s390x.manylinux2014_s390x.whl", hash = "sha256:b2e0dd11e2ae553ee5c92a81731d88a9883af8db7408db47fc81887c1f8b672e"},
    {file = "ruff-0.6.1-py3-none-manylinux_2_17_x86_64.manylinux2014_x86_64.whl", hash = "sha256:d812615525a34ecfc07fd93f906ef5b93656be01dfae9a819e31caa6cfe758a1"},
    {file = "ruff-0.6.1-py3-none-musllinux_1_2_aarch64.whl", hash = "sha256:faaa4060f4064c3b7aaaa27328080c932fa142786f8142aff095b42b6a2eb631"},
    {file = "ruff-0.6.1-py3-none-musllinux_1_2_armv7l.whl", hash = "sha256:99d7ae0df47c62729d58765c593ea54c2546d5de213f2af2a19442d50a10cec9"},
    {file = "ruff-0.6.1-py3-none-musllinux_1_2_i686.whl", hash = "sha256:9eb18dfd7b613eec000e3738b3f0e4398bf0153cb80bfa3e351b3c1c2f6d7b15"},
    {file = "ruff-0.6.1-py3-none-musllinux_1_2_x86_64.whl", hash = "sha256:c62bc04c6723a81e25e71715aa59489f15034d69bf641df88cb38bdc32fd1dbb"},
    {file = "ruff-0.6.1-py3-none-win32.whl", hash = "sha256:9fb4c4e8b83f19c9477a8745e56d2eeef07a7ff50b68a6998f7d9e2e3887bdc4"},
    {file = "ruff-0.6.1-py3-none-win_amd64.whl", hash = "sha256:c2ebfc8f51ef4aca05dad4552bbcf6fe8d1f75b2f6af546cc47cc1c1ca916b5b"},
    {file = "ruff-0.6.1-py3-none-win_arm64.whl", hash = "sha256:3bc81074971b0ffad1bd0c52284b22411f02a11a012082a76ac6da153536e014"},
    {file = "ruff-0.6.1.tar.gz", hash = "sha256:af3ffd8c6563acb8848d33cd19a69b9bfe943667f0419ca083f8ebe4224a3436"},
]

[[package]]
name = "sqlparse"
version = "0.5.1"
requires_python = ">=3.8"
summary = "A non-validating SQL parser."
groups = ["default"]
files = [
    {file = "sqlparse-0.5.1-py3-none-any.whl", hash = "sha256:773dcbf9a5ab44a090f3441e2180efe2560220203dc2f8c0b0fa141e18b505e4"},
    {file = "sqlparse-0.5.1.tar.gz", hash = "sha256:bb6b4df465655ef332548e24f08e205afc81b9ab86cb1c45657a7ff173a3a00e"},
]

[[package]]
name = "tzdata"
version = "2024.1"
requires_python = ">=2"
summary = "Provider of IANA time zone data"
groups = ["default"]
marker = "sys_platform == \"win32\""
files = [
    {file = "tzdata-2024.1-py2.py3-none-any.whl", hash = "sha256:9068bc196136463f5245e51efda838afa15aaeca9903f49050dfa2679db4d252"},
    {file = "tzdata-2024.1.tar.gz", hash = "sha256:2674120f8d891909751c38abcdfd386ac0a5a1127954fbc332af6b5ceae07efd"},
]

[[package]]
name = "virtualenv"
version = "20.26.3"
requires_python = ">=3.7"
summary = "Virtual Python Environment builder"
groups = ["default"]
dependencies = [
    "distlib<1,>=0.3.7",
    "filelock<4,>=3.12.2",
    "importlib-metadata>=6.6; python_version < \"3.8\"",
    "platformdirs<5,>=3.9.1",
]
files = [
    {file = "virtualenv-20.26.3-py3-none-any.whl", hash = "sha256:8cc4a31139e796e9a7de2cd5cf2489de1217193116a8fd42328f1bd65f434589"},
    {file = "virtualenv-20.26.3.tar.gz", hash = "sha256:4c43a2a236279d9ea36a0d76f98d84bd6ca94ac4e0f4a3b9d46d05e10fea542a"},
]
